
Microsoft Visual Studio Solution File, Format Version 12.00
# Visual Studio 14
VisualStudioVersion = 14.0.25123.0
MinimumVisualStudioVersion = 10.0.40219.1
Project("{F2A71F9B-5D33-465A-A702-920D77279786}") = "Testfield", "Testfield\Testfield.fsproj", "{BD1D4C3E-4BAE-4A4F-82C9-503BA84991D0}"
EndProject
Global
	GlobalSection(SolutionConfigurationPlatforms) = preSolution
		Debug|Any CPU = Debug|Any CPU
		Release|Any CPU = Release|Any CPU
	EndGlobalSection
	GlobalSection(ProjectConfigurationPlatforms) = postSolution
		{BD1D4C3E-4BAE-4A4F-82C9-503BA84991D0}.Debug|Any CPU.ActiveCfg = Debug|Any CPU
		{BD1D4C3E-4BAE-4A4F-82C9-503BA84991D0}.Debug|Any CPU.Build.0 = Debug|Any CPU
		{BD1D4C3E-4BAE-4A4F-82C9-503BA84991D0}.Release|Any CPU.ActiveCfg = Release|Any CPU
		{BD1D4C3E-4BAE-4A4F-82C9-503BA84991D0}.Release|Any CPU.Build.0 = Release|Any CPU
	EndGlobalSection
	GlobalSection(SolutionProperties) = preSolution
		HideSolutionNode = FALSE
	EndGlobalSection
EndGlobal
