
Microsoft Visual Studio Solution File, Format Version 12.00
# Visual Studio 14
VisualStudioVersion = 14.0.25123.0
MinimumVisualStudioVersion = 10.0.40219.1
Project("{F2A71F9B-5D33-465A-A702-920D77279786}") = "TypeProviders", "TypeProviders\TypeProviders.fsproj", "{FD321302-D712-4607-81B3-30D320C6BDD5}"
EndProject
Global
	GlobalSection(SolutionConfigurationPlatforms) = preSolution
		Debug|Any CPU = Debug|Any CPU
		Release|Any CPU = Release|Any CPU
	EndGlobalSection
	GlobalSection(ProjectConfigurationPlatforms) = postSolution
		{FD321302-D712-4607-81B3-30D320C6BDD5}.Debug|Any CPU.ActiveCfg = Debug|Any CPU
		{FD321302-D712-4607-81B3-30D320C6BDD5}.Debug|Any CPU.Build.0 = Debug|Any CPU
		{FD321302-D712-4607-81B3-30D320C6BDD5}.Release|Any CPU.ActiveCfg = Release|Any CPU
		{FD321302-D712-4607-81B3-30D320C6BDD5}.Release|Any CPU.Build.0 = Release|Any CPU
	EndGlobalSection
	GlobalSection(SolutionProperties) = preSolution
		HideSolutionNode = FALSE
	EndGlobalSection
EndGlobal
